# This file is automatically @generated by Cargo.
# It is not intended for manual editing.
[[package]]
name = "ofin"
version = "0.0.1"
dependencies = [
 "ofin-std 0.0.1",
]

[[package]]
name = "ofin-std"
version = "0.0.1"
dependencies = [
 "ofin-std-common 0.0.1",
 "ofin-std-unix 0.0.1",
 "ofin-std-windows 0.0.1",
]

[[package]]
name = "ofin-std-common"
version = "0.0.1"

[[package]]
name = "ofin-std-unix"
version = "0.0.1"

[[package]]
name = "ofin-std-windows"
version = "0.0.1"

